// !$*UTF8*$!
{
	archiveVersion = 1;
	classes = {
	};
	objectVersion = 56;
	objects = {

/* Begin PBXBuildFile section */
		7920F3BA2B860A61009909CE /* AlgorithmVisualizerApp.swift in Sources */ = {isa = PBXBuildFile; fileRef = 7920F3B92B860A61009909CE /* AlgorithmVisualizerApp.swift */; };
		7920F3BC2B860A61009909CE /* ContentView.swift in Sources */ = {isa = PBXBuildFile; fileRef = 7920F3BB2B860A61009909CE /* ContentView.swift */; };
		7920F3BE2B860A63009909CE /* Assets.xcassets in Resources */ = {isa = PBXBuildFile; fileRef = 7920F3BD2B860A63009909CE /* Assets.xcassets */; };
		7920F3C12B860A63009909CE /* Preview Assets.xcassets in Resources */ = {isa = PBXBuildFile; fileRef = 7920F3C02B860A63009909CE /* Preview Assets.xcassets */; };
		7920F3CB2B860A63009909CE /* AlgorithmVisualizerTests.swift in Sources */ = {isa = PBXBuildFile; fileRef = 7920F3CA2B860A63009909CE /* AlgorithmVisualizerTests.swift */; };
		7920F3D52B860A63009909CE /* AlgorithmVisualizerUITests.swift in Sources */ = {isa = PBXBuildFile; fileRef = 7920F3D42B860A63009909CE /* AlgorithmVisualizerUITests.swift */; };
		7920F3D72B860A63009909CE /* AlgorithmVisualizerUITestsLaunchTests.swift in Sources */ = {isa = PBXBuildFile; fileRef = 7920F3D62B860A63009909CE /* AlgorithmVisualizerUITestsLaunchTests.swift */; };
/* End PBXBuildFile section */

/* Begin PBXContainerItemProxy section */
		7920F3C72B860A63009909CE /* PBXContainerItemProxy */ = {
			isa = PBXContainerItemProxy;
			containerPortal = 7920F3AE2B860A61009909CE /* Project object */;
			proxyType = 1;
			remoteGlobalIDString = 7920F3B52B860A61009909CE;
			remoteInfo = AlgorithmVisualizer;
		};
		7920F3D12B860A63009909CE /* PBXContainerItemProxy */ = {
			isa = PBXContainerItemProxy;
			containerPortal = 7920F3AE2B860A61009909CE /* Project object */;
			proxyType = 1;
			remoteGlobalIDString = 7920F3B52B860A61009909CE;
			remoteInfo = AlgorithmVisualizer;
		};
/* End PBXContainerItemProxy section */

/* Begin PBXFileReference section */
		7920F3B62B860A61009909CE /* AlgorithmVisualizer.app */ = {isa = PBXFileReference; explicitFileType = wrapper.application; includeInIndex = 0; path = AlgorithmVisualizer.app; sourceTree = BUILT_PRODUCTS_DIR; };
		7920F3B92B860A61009909CE /* AlgorithmVisualizerApp.swift */ = {isa = PBXFileReference; lastKnownFileType = sourcecode.swift; path = AlgorithmVisualizerApp.swift; sourceTree = "<group>"; };
		7920F3BB2B860A61009909CE /* ContentView.swift */ = {isa = PBXFileReference; lastKnownFileType = sourcecode.swift; path = ContentView.swift; sourceTree = "<group>"; };
		7920F3BD2B860A63009909CE /* Assets.xcassets */ = {isa = PBXFileReference; lastKnownFileType = folder.assetcatalog; path = Assets.xcassets; sourceTree = "<group>"; };
		7920F3C02B860A63009909CE /* Preview Assets.xcassets */ = {isa = PBXFileReference; lastKnownFileType = folder.assetcatalog; path = "Preview Assets.xcassets"; sourceTree = "<group>"; };
		7920F3C62B860A63009909CE /* AlgorithmVisualizerTests.xctest */ = {isa = PBXFileReference; explicitFileType = wrapper.cfbundle; includeInIndex = 0; path = AlgorithmVisualizerTests.xctest; sourceTree = BUILT_PRODUCTS_DIR; };
		7920F3CA2B860A63009909CE /* AlgorithmVisualizerTests.swift */ = {isa = PBXFileReference; lastKnownFileType = sourcecode.swift; path = AlgorithmVisualizerTests.swift; sourceTree = "<group>"; };
		7920F3D02B860A63009909CE /* AlgorithmVisualizerUITests.xctest */ = {isa = PBXFileReference; explicitFileType = wrapper.cfbundle; includeInIndex = 0; path = AlgorithmVisualizerUITests.xctest; sourceTree = BUILT_PRODUCTS_DIR; };
		7920F3D42B860A63009909CE /* AlgorithmVisualizerUITests.swift */ = {isa = PBXFileReference; lastKnownFileType = sourcecode.swift; path = AlgorithmVisualizerUITests.swift; sourceTree = "<group>"; };
		7920F3D62B860A63009909CE /* AlgorithmVisualizerUITestsLaunchTests.swift */ = {isa = PBXFileReference; lastKnownFileType = sourcecode.swift; path = AlgorithmVisualizerUITestsLaunchTests.swift; sourceTree = "<group>"; };
/* End PBXFileReference section */

/* Begin PBXFrameworksBuildPhase section */
		7920F3B32B860A61009909CE /* Frameworks */ = {
			isa = PBXFrameworksBuildPhase;
			buildActionMask = 2147483647;
			files = (
			);
			runOnlyForDeploymentPostprocessing = 0;
		};
		7920F3C32B860A63009909CE /* Frameworks */ = {
			isa = PBXFrameworksBuildPhase;
			buildActionMask = 2147483647;
			files = (
			);
			runOnlyForDeploymentPostprocessing = 0;
		};
		7920F3CD2B860A63009909CE /* Frameworks */ = {
			isa = PBXFrameworksBuildPhase;
			buildActionMask = 2147483647;
			files = (
			);
			runOnlyForDeploymentPostprocessing = 0;
		};
/* End PBXFrameworksBuildPhase section */

/* Begin PBXGroup section */
		7920F3AD2B860A61009909CE = {
			isa = PBXGroup;
			children = (
				7920F3B82B860A61009909CE /* AlgorithmVisualizer */,
				7920F3C92B860A63009909CE /* AlgorithmVisualizerTests */,
				7920F3D32B860A63009909CE /* AlgorithmVisualizerUITests */,
				7920F3B72B860A61009909CE /* Products */,
			);
			sourceTree = "<group>";
		};
		7920F3B72B860A61009909CE /* Products */ = {
			isa = PBXGroup;
			children = (
				7920F3B62B860A61009909CE /* AlgorithmVisualizer.app */,
				7920F3C62B860A63009909CE /* AlgorithmVisualizerTests.xctest */,
				7920F3D02B860A63009909CE /* AlgorithmVisualizerUITests.xctest */,
			);
			name = Products;
			sourceTree = "<group>";
		};
		7920F3B82B860A61009909CE /* AlgorithmVisualizer */ = {
			isa = PBXGroup;
			children = (
				7920F3B92B860A61009909CE /* AlgorithmVisualizerApp.swift */,
				7920F3BB2B860A61009909CE /* ContentView.swift */,
				7920F3BD2B860A63009909CE /* Assets.xcassets */,
				7920F3BF2B860A63009909CE /* Preview Content */,
			);
			path = AlgorithmVisualizer;
			sourceTree = "<group>";
		};
		7920F3BF2B860A63009909CE /* Preview Content */ = {
			isa = PBXGroup;
			children = (
				7920F3C02B860A63009909CE /* Preview Assets.xcassets */,
			);
			path = "Preview Content";
			sourceTree = "<group>";
		};
		7920F3C92B860A63009909CE /* AlgorithmVisualizerTests */ = {
			isa = PBXGroup;
			children = (
				7920F3CA2B860A63009909CE /* AlgorithmVisualizerTests.swift */,
			);
			path = AlgorithmVisualizerTests;
			sourceTree = "<group>";
		};
		7920F3D32B860A63009909CE /* AlgorithmVisualizerUITests */ = {
			isa = PBXGroup;
			children = (
				7920F3D42B860A63009909CE /* AlgorithmVisualizerUITests.swift */,
				7920F3D62B860A63009909CE /* AlgorithmVisualizerUITestsLaunchTests.swift */,
			);
			path = AlgorithmVisualizerUITests;
			sourceTree = "<group>";
		};
/* End PBXGroup section */

/* Begin PBXNativeTarget section */
		7920F3B52B860A61009909CE /* AlgorithmVisualizer */ = {
			isa = PBXNativeTarget;
			buildConfigurationList = 7920F3DA2B860A63009909CE /* Build configuration list for PBXNativeTarget "AlgorithmVisualizer" */;
			buildPhases = (
				7920F3B22B860A61009909CE /* Sources */,
				7920F3B32B860A61009909CE /* Frameworks */,
				7920F3B42B860A61009909CE /* Resources */,
			);
			buildRules = (
			);
			dependencies = (
			);
			name = AlgorithmVisualizer;
			productName = AlgorithmVisualizer;
			productReference = 7920F3B62B860A61009909CE /* AlgorithmVisualizer.app */;
			productType = "com.apple.product-type.application";
		};
		7920F3C52B860A63009909CE /* AlgorithmVisualizerTests */ = {
			isa = PBXNativeTarget;
			buildConfigurationList = 7920F3DD2B860A63009909CE /* Build configuration list for PBXNativeTarget "AlgorithmVisualizerTests" */;
			buildPhases = (
				7920F3C22B860A63009909CE /* Sources */,
				7920F3C32B860A63009909CE /* Frameworks */,
				7920F3C42B860A63009909CE /* Resources */,
			);
			buildRules = (
			);
			dependencies = (
				7920F3C82B860A63009909CE /* PBXTargetDependency */,
			);
			name = AlgorithmVisualizerTests;
			productName = AlgorithmVisualizerTests;
			productReference = 7920F3C62B860A63009909CE /* AlgorithmVisualizerTests.xctest */;
			productType = "com.apple.product-type.bundle.unit-test";
		};
		7920F3CF2B860A63009909CE /* AlgorithmVisualizerUITests */ = {
			isa = PBXNativeTarget;
			buildConfigurationList = 7920F3E02B860A63009909CE /* Build configuration list for PBXNativeTarget "AlgorithmVisualizerUITests" */;
			buildPhases = (
				7920F3CC2B860A63009909CE /* Sources */,
				7920F3CD2B860A63009909CE /* Frameworks */,
				7920F3CE2B860A63009909CE /* Resources */,
			);
			buildRules = (
			);
			dependencies = (
				7920F3D22B860A63009909CE /* PBXTargetDependency */,
			);
			name = AlgorithmVisualizerUITests;
			productName = AlgorithmVisualizerUITests;
			productReference = 7920F3D02B860A63009909CE /* AlgorithmVisualizerUITests.xctest */;
			productType = "com.apple.product-type.bundle.ui-testing";
		};
/* End PBXNativeTarget section */

/* Begin PBXProject section */
		7920F3AE2B860A61009909CE /* Project object */ = {
			isa = PBXProject;
			attributes = {
				BuildIndependentTargetsInParallel = 1;
				LastSwiftUpdateCheck = 1510;
				LastUpgradeCheck = 1510;
				TargetAttributes = {
					7920F3B52B860A61009909CE = {
						CreatedOnToolsVersion = 15.1;
					};
					7920F3C52B860A63009909CE = {
						CreatedOnToolsVersion = 15.1;
						TestTargetID = 7920F3B52B860A61009909CE;
					};
					7920F3CF2B860A63009909CE = {
						CreatedOnToolsVersion = 15.1;
						TestTargetID = 7920F3B52B860A61009909CE;
					};
				};
			};
			buildConfigurationList = 7920F3B12B860A61009909CE /* Build configuration list for PBXProject "AlgorithmVisualizer" */;
			compatibilityVersion = "Xcode 14.0";
			developmentRegion = en;
			hasScannedForEncodings = 0;
			knownRegions = (
				en,
				Base,
			);
			mainGroup = 7920F3AD2B860A61009909CE;
			productRefGroup = 7920F3B72B860A61009909CE /* Products */;
			projectDirPath = "";
			projectRoot = "";
			targets = (
				7920F3B52B860A61009909CE /* AlgorithmVisualizer */,
				7920F3C52B860A63009909CE /* AlgorithmVisualizerTests */,
				7920F3CF2B860A63009909CE /* AlgorithmVisualizerUITests */,
			);
		};
/* End PBXProject section */

/* Begin PBXResourcesBuildPhase section */
		7920F3B42B860A61009909CE /* Resources */ = {
			isa = PBXResourcesBuildPhase;
			buildActionMask = 2147483647;
			files = (
				7920F3C12B860A63009909CE /* Preview Assets.xcassets in Resources */,
				7920F3BE2B860A63009909CE /* Assets.xcassets in Resources */,
			);
			runOnlyForDeploymentPostprocessing = 0;
		};
		7920F3C42B860A63009909CE /* Resources */ = {
			isa = PBXResourcesBuildPhase;
			buildActionMask = 2147483647;
			files = (
			);
			runOnlyForDeploymentPostprocessing = 0;
		};
		7920F3CE2B860A63009909CE /* Resources */ = {
			isa = PBXResourcesBuildPhase;
			buildActionMask = 2147483647;
			files = (
			);
			runOnlyForDeploymentPostprocessing = 0;
		};
/* End PBXResourcesBuildPhase section */

/* Begin PBXSourcesBuildPhase section */
		7920F3B22B860A61009909CE /* Sources */ = {
			isa = PBXSourcesBuildPhase;
			buildActionMask = 2147483647;
			files = (
				7920F3BC2B860A61009909CE /* ContentView.swift in Sources */,
				7920F3BA2B860A61009909CE /* AlgorithmVisualizerApp.swift in Sources */,
			);
			runOnlyForDeploymentPostprocessing = 0;
		};
		7920F3C22B860A63009909CE /* Sources */ = {
			isa = PBXSourcesBuildPhase;
			buildActionMask = 2147483647;
			files = (
				7920F3CB2B860A63009909CE /* AlgorithmVisualizerTests.swift in Sources */,
			);
			runOnlyForDeploymentPostprocessing = 0;
		};
		7920F3CC2B860A63009909CE /* Sources */ = {
			isa = PBXSourcesBuildPhase;
			buildActionMask = 2147483647;
			files = (
				7920F3D72B860A63009909CE /* AlgorithmVisualizerUITestsLaunchTests.swift in Sources */,
				7920F3D52B860A63009909CE /* AlgorithmVisualizerUITests.swift in Sources */,
			);
			runOnlyForDeploymentPostprocessing = 0;
		};
/* End PBXSourcesBuildPhase section */

/* Begin PBXTargetDependency section */
		7920F3C82B860A63009909CE /* PBXTargetDependency */ = {
			isa = PBXTargetDependency;
			target = 7920F3B52B860A61009909CE /* AlgorithmVisualizer */;
			targetProxy = 7920F3C72B860A63009909CE /* PBXContainerItemProxy */;
		};
		7920F3D22B860A63009909CE /* PBXTargetDependency */ = {
			isa = PBXTargetDependency;
			target = 7920F3B52B860A61009909CE /* AlgorithmVisualizer */;
			targetProxy = 7920F3D12B860A63009909CE /* PBXContainerItemProxy */;
		};
/* End PBXTargetDependency section */

/* Begin XCBuildConfiguration section */
		7920F3D82B860A63009909CE /* Debug */ = {
			isa = XCBuildConfiguration;
			buildSettings = {
				ALWAYS_SEARCH_USER_PATHS = NO;
				ASSETCATALOG_COMPILER_GENERATE_SWIFT_ASSET_SYMBOL_EXTENSIONS = YES;
				CLANG_ANALYZER_NONNULL = YES;
				CLANG_ANALYZER_NUMBER_OBJECT_CONVERSION = YES_AGGRESSIVE;
				CLANG_CXX_LANGUAGE_STANDARD = "gnu++20";
				CLANG_ENABLE_MODULES = YES;
				CLANG_ENABLE_OBJC_ARC = YES;
				CLANG_ENABLE_OBJC_WEAK = YES;
				CLANG_WARN_BLOCK_CAPTURE_AUTORELEASING = YES;
				CLANG_WARN_BOOL_CONVERSION = YES;
				CLANG_WARN_COMMA = YES;
				CLANG_WARN_CONSTANT_CONVERSION = YES;
				CLANG_WARN_DEPRECATED_OBJC_IMPLEMENTATIONS = YES;
				CLANG_WARN_DIRECT_OBJC_ISA_USAGE = YES_ERROR;
				CLANG_WARN_DOCUMENTATION_COMMENTS = YES;
				CLANG_WARN_EMPTY_BODY = YES;
				CLANG_WARN_ENUM_CONVERSION = YES;
				CLANG_WARN_INFINITE_RECURSION = YES;
				CLANG_WARN_INT_CONVERSION = YES;
				CLANG_WARN_NON_LITERAL_NULL_CONVERSION = YES;
				CLANG_WARN_OBJC_IMPLICIT_RETAIN_SELF = YES;
				CLANG_WARN_OBJC_LITERAL_CONVERSION = YES;
				CLANG_WARN_OBJC_ROOT_CLASS = YES_ERROR;
				CLANG_WARN_QUOTED_INCLUDE_IN_FRAMEWORK_HEADER = YES;
				CLANG_WARN_RANGE_LOOP_ANALYSIS = YES;
				CLANG_WARN_STRICT_PROTOTYPES = YES;
				CLANG_WARN_SUSPICIOUS_MOVE = YES;
				CLANG_WARN_UNGUARDED_AVAILABILITY = YES_AGGRESSIVE;
				CLANG_WARN_UNREACHABLE_CODE = YES;
				CLANG_WARN__DUPLICATE_METHOD_MATCH = YES;
				COPY_PHASE_STRIP = NO;
				DEBUG_INFORMATION_FORMAT = dwarf;
				ENABLE_STRICT_OBJC_MSGSEND = YES;
				ENABLE_TESTABILITY = YES;
				ENABLE_USER_SCRIPT_SANDBOXING = YES;
				GCC_C_LANGUAGE_STANDARD = gnu17;
				GCC_DYNAMIC_NO_PIC = NO;
				GCC_NO_COMMON_BLOCKS = YES;
				GCC_OPTIMIZATION_LEVEL = 0;
				GCC_PREPROCESSOR_DEFINITIONS = (
					"DEBUG=1",
					"$(inherited)",
				);
				GCC_WARN_64_TO_32_BIT_CONVERSION = YES;
				GCC_WARN_ABOUT_RETURN_TYPE = YES_ERROR;
				GCC_WARN_UNDECLARED_SELECTOR = YES;
				GCC_WARN_UNINITIALIZED_AUTOS = YES_AGGRESSIVE;
				GCC_WARN_UNUSED_FUNCTION = YES;
				GCC_WARN_UNUSED_VARIABLE = YES;
				IPHONEOS_DEPLOYMENT_TARGET = 17.2;
				LOCALIZATION_PREFERS_STRING_CATALOGS = YES;
				MTL_ENABLE_DEBUG_INFO = INCLUDE_SOURCE;
				MTL_FAST_MATH = YES;
				ONLY_ACTIVE_ARCH = YES;
				SDKROOT = iphoneos;
				SWIFT_ACTIVE_COMPILATION_CONDITIONS = "DEBUG $(inherited)";
				SWIFT_OPTIMIZATION_LEVEL = "-Onone";
			};
			name = Debug;
		};
		7920F3D92B860A63009909CE /* Release */ = {
			isa = XCBuildConfiguration;
			buildSettings = {
				ALWAYS_SEARCH_USER_PATHS = NO;
				ASSETCATALOG_COMPILER_GENERATE_SWIFT_ASSET_SYMBOL_EXTENSIONS = YES;
				CLANG_ANALYZER_NONNULL = YES;
				CLANG_ANALYZER_NUMBER_OBJECT_CONVERSION = YES_AGGRESSIVE;
				CLANG_CXX_LANGUAGE_STANDARD = "gnu++20";
				CLANG_ENABLE_MODULES = YES;
				CLANG_ENABLE_OBJC_ARC = YES;
				CLANG_ENABLE_OBJC_WEAK = YES;
				CLANG_WARN_BLOCK_CAPTURE_AUTORELEASING = YES;
				CLANG_WARN_BOOL_CONVERSION = YES;
				CLANG_WARN_COMMA = YES;
				CLANG_WARN_CONSTANT_CONVERSION = YES;
				CLANG_WARN_DEPRECATED_OBJC_IMPLEMENTATIONS = YES;
				CLANG_WARN_DIRECT_OBJC_ISA_USAGE = YES_ERROR;
				CLANG_WARN_DOCUMENTATION_COMMENTS = YES;
				CLANG_WARN_EMPTY_BODY = YES;
				CLANG_WARN_ENUM_CONVERSION = YES;
				CLANG_WARN_INFINITE_RECURSION = YES;
				CLANG_WARN_INT_CONVERSION = YES;
				CLANG_WARN_NON_LITERAL_NULL_CONVERSION = YES;
				CLANG_WARN_OBJC_IMPLICIT_RETAIN_SELF = YES;
				CLANG_WARN_OBJC_LITERAL_CONVERSION = YES;
				CLANG_WARN_OBJC_ROOT_CLASS = YES_ERROR;
				CLANG_WARN_QUOTED_INCLUDE_IN_FRAMEWORK_HEADER = YES;
				CLANG_WARN_RANGE_LOOP_ANALYSIS = YES;
				CLANG_WARN_STRICT_PROTOTYPES = YES;
				CLANG_WARN_SUSPICIOUS_MOVE = YES;
				CLANG_WARN_UNGUARDED_AVAILABILITY = YES_AGGRESSIVE;
				CLANG_WARN_UNREACHABLE_CODE = YES;
				CLANG_WARN__DUPLICATE_METHOD_MATCH = YES;
				COPY_PHASE_STRIP = NO;
				DEBUG_INFORMATION_FORMAT = "dwarf-with-dsym";
				ENABLE_NS_ASSERTIONS = NO;
				ENABLE_STRICT_OBJC_MSGSEND = YES;
				ENABLE_USER_SCRIPT_SANDBOXING = YES;
				GCC_C_LANGUAGE_STANDARD = gnu17;
				GCC_NO_COMMON_BLOCKS = YES;
				GCC_WARN_64_TO_32_BIT_CONVERSION = YES;
				GCC_WARN_ABOUT_RETURN_TYPE = YES_ERROR;
				GCC_WARN_UNDECLARED_SELECTOR = YES;
				GCC_WARN_UNINITIALIZED_AUTOS = YES_AGGRESSIVE;
				GCC_WARN_UNUSED_FUNCTION = YES;
				GCC_WARN_UNUSED_VARIABLE = YES;
				IPHONEOS_DEPLOYMENT_TARGET = 17.2;
				LOCALIZATION_PREFERS_STRING_CATALOGS = YES;
				MTL_ENABLE_DEBUG_INFO = NO;
				MTL_FAST_MATH = YES;
				SDKROOT = iphoneos;
				SWIFT_COMPILATION_MODE = wholemodule;
				VALIDATE_PRODUCT = YES;
			};
			name = Release;
		};
		7920F3DB2B860A63009909CE /* Debug */ = {
			isa = XCBuildConfiguration;
			buildSettings = {
				ASSETCATALOG_COMPILER_APPICON_NAME = AppIcon;
				ASSETCATALOG_COMPILER_GLOBAL_ACCENT_COLOR_NAME = AccentColor;
				CODE_SIGN_STYLE = Automatic;
				CURRENT_PROJECT_VERSION = 1;
				DEVELOPMENT_ASSET_PATHS = "\"AlgorithmVisualizer/Preview Content\"";
				ENABLE_PREVIEWS = YES;
				GENERATE_INFOPLIST_FILE = YES;
				INFOPLIST_KEY_UIApplicationSceneManifest_Generation = YES;
				INFOPLIST_KEY_UIApplicationSupportsIndirectInputEvents = YES;
				INFOPLIST_KEY_UILaunchScreen_Generation = YES;
				INFOPLIST_KEY_UISupportedInterfaceOrientations_iPad = "UIInterfaceOrientationPortrait UIInterfaceOrientationPortraitUpsideDown UIInterfaceOrientationLandscapeLeft UIInterfaceOrientationLandscapeRight";
				INFOPLIST_KEY_UISupportedInterfaceOrientations_iPhone = "UIInterfaceOrientationPortrait UIInterfaceOrientationLandscapeLeft UIInterfaceOrientationLandscapeRight";
				LD_RUNPATH_SEARCH_PATHS = (
					"$(inherited)",
					"@executable_path/Frameworks",
				);
				MARKETING_VERSION = 1.0;
				PRODUCT_BUNDLE_IDENTIFIER = com.learning.AlgorithmVisualizer;
				PRODUCT_NAME = "$(TARGET_NAME)";
				SWIFT_EMIT_LOC_STRINGS = YES;
				SWIFT_VERSION = 5.0;
				TARGETED_DEVICE_FAMILY = "1,2";
			};
			name = Debug;
		};
		7920F3DC2B860A63009909CE /* Release */ = {
			isa = XCBuildConfiguration;
			buildSettings = {
				ASSETCATALOG_COMPILER_APPICON_NAME = AppIcon;
				ASSETCATALOG_COMPILER_GLOBAL_ACCENT_COLOR_NAME = AccentColor;
				CODE_SIGN_STYLE = Automatic;
				CURRENT_PROJECT_VERSION = 1;
				DEVELOPMENT_ASSET_PATHS = "\"AlgorithmVisualizer/Preview Content\"";
				ENABLE_PREVIEWS = YES;
				GENERATE_INFOPLIST_FILE = YES;
				INFOPLIST_KEY_UIApplicationSceneManifest_Generation = YES;
				INFOPLIST_KEY_UIApplicationSupportsIndirectInputEvents = YES;
				INFOPLIST_KEY_UILaunchScreen_Generation = YES;
				INFOPLIST_KEY_UISupportedInterfaceOrientations_iPad = "UIInterfaceOrientationPortrait UIInterfaceOrientationPortraitUpsideDown UIInterfaceOrientationLandscapeLeft UIInterfaceOrientationLandscapeRight";
				INFOPLIST_KEY_UISupportedInterfaceOrientations_iPhone = "UIInterfaceOrientationPortrait UIInterfaceOrientationLandscapeLeft UIInterfaceOrientationLandscapeRight";
				LD_RUNPATH_SEARCH_PATHS = (
					"$(inherited)",
					"@executable_path/Frameworks",
				);
				MARKETING_VERSION = 1.0;
				PRODUCT_BUNDLE_IDENTIFIER = com.learning.AlgorithmVisualizer;
				PRODUCT_NAME = "$(TARGET_NAME)";
				SWIFT_EMIT_LOC_STRINGS = YES;
				SWIFT_VERSION = 5.0;
				TARGETED_DEVICE_FAMILY = "1,2";
			};
			name = Release;
		};
		7920F3DE2B860A63009909CE /* Debug */ = {
			isa = XCBuildConfiguration;
			buildSettings = {
				ALWAYS_EMBED_SWIFT_STANDARD_LIBRARIES = YES;
				BUNDLE_LOADER = "$(TEST_HOST)";
				CODE_SIGN_STYLE = Automatic;
				CURRENT_PROJECT_VERSION = 1;
				GENERATE_INFOPLIST_FILE = YES;
				IPHONEOS_DEPLOYMENT_TARGET = 17.2;
				MARKETING_VERSION = 1.0;
				PRODUCT_BUNDLE_IDENTIFIER = com.learning.AlgorithmVisualizerTests;
				PRODUCT_NAME = "$(TARGET_NAME)";
				SWIFT_EMIT_LOC_STRINGS = NO;
				SWIFT_VERSION = 5.0;
				TARGETED_DEVICE_FAMILY = "1,2";
				TEST_HOST = "$(BUILT_PRODUCTS_DIR)/AlgorithmVisualizer.app/$(BUNDLE_EXECUTABLE_FOLDER_PATH)/AlgorithmVisualizer";
			};
			name = Debug;
		};
		7920F3DF2B860A63009909CE /* Release */ = {
			isa = XCBuildConfiguration;
			buildSettings = {
				ALWAYS_EMBED_SWIFT_STANDARD_LIBRARIES = YES;
				BUNDLE_LOADER = "$(TEST_HOST)";
				CODE_SIGN_STYLE = Automatic;
				CURRENT_PROJECT_VERSION = 1;
				GENERATE_INFOPLIST_FILE = YES;
				IPHONEOS_DEPLOYMENT_TARGET = 17.2;
				MARKETING_VERSION = 1.0;
				PRODUCT_BUNDLE_IDENTIFIER = com.learning.AlgorithmVisualizerTests;
				PRODUCT_NAME = "$(TARGET_NAME)";
				SWIFT_EMIT_LOC_STRINGS = NO;
				SWIFT_VERSION = 5.0;
				TARGETED_DEVICE_FAMILY = "1,2";
				TEST_HOST = "$(BUILT_PRODUCTS_DIR)/AlgorithmVisualizer.app/$(BUNDLE_EXECUTABLE_FOLDER_PATH)/AlgorithmVisualizer";
			};
			name = Release;
		};
		7920F3E12B860A63009909CE /* Debug */ = {
			isa = XCBuildConfiguration;
			buildSettings = {
				ALWAYS_EMBED_SWIFT_STANDARD_LIBRARIES = YES;
				CODE_SIGN_STYLE = Automatic;
				CURRENT_PROJECT_VERSION = 1;
				GENERATE_INFOPLIST_FILE = YES;
				MARKETING_VERSION = 1.0;
				PRODUCT_BUNDLE_IDENTIFIER = com.learning.AlgorithmVisualizerUITests;
				PRODUCT_NAME = "$(TARGET_NAME)";
				SWIFT_EMIT_LOC_STRINGS = NO;
				SWIFT_VERSION = 5.0;
				TARGETED_DEVICE_FAMILY = "1,2";
				TEST_TARGET_NAME = AlgorithmVisualizer;
			};
			name = Debug;
		};
		7920F3E22B860A63009909CE /* Release */ = {
			isa = XCBuildConfiguration;
			buildSettings = {
				ALWAYS_EMBED_SWIFT_STANDARD_LIBRARIES = YES;
				CODE_SIGN_STYLE = Automatic;
				CURRENT_PROJECT_VERSION = 1;
				GENERATE_INFOPLIST_FILE = YES;
				MARKETING_VERSION = 1.0;
				PRODUCT_BUNDLE_IDENTIFIER = com.learning.AlgorithmVisualizerUITests;
				PRODUCT_NAME = "$(TARGET_NAME)";
				SWIFT_EMIT_LOC_STRINGS = NO;
				SWIFT_VERSION = 5.0;
				TARGETED_DEVICE_FAMILY = "1,2";
				TEST_TARGET_NAME = AlgorithmVisualizer;
			};
			name = Release;
		};
/* End XCBuildConfiguration section */

/* Begin XCConfigurationList section */
		7920F3B12B860A61009909CE /* Build configuration list for PBXProject "AlgorithmVisualizer" */ = {
			isa = XCConfigurationList;
			buildConfigurations = (
				7920F3D82B860A63009909CE /* Debug */,
				7920F3D92B860A63009909CE /* Release */,
			);
			defaultConfigurationIsVisible = 0;
			defaultConfigurationName = Release;
		};
		7920F3DA2B860A63009909CE /* Build configuration list for PBXNativeTarget "AlgorithmVisualizer" */ = {
			isa = XCConfigurationList;
			buildConfigurations = (
				7920F3DB2B860A63009909CE /* Debug */,
				7920F3DC2B860A63009909CE /* Release */,
			);
			defaultConfigurationIsVisible = 0;
			defaultConfigurationName = Release;
		};
		7920F3DD2B860A63009909CE /* Build configuration list for PBXNativeTarget "AlgorithmVisualizerTests" */ = {
			isa = XCConfigurationList;
			buildConfigurations = (
				7920F3DE2B860A63009909CE /* Debug */,
				7920F3DF2B860A63009909CE /* Release */,
			);
			defaultConfigurationIsVisible = 0;
			defaultConfigurationName = Release;
		};
		7920F3E02B860A63009909CE /* Build configuration list for PBXNativeTarget "AlgorithmVisualizerUITests" */ = {
			isa = XCConfigurationList;
			buildConfigurations = (
				7920F3E12B860A63009909CE /* Debug */,
				7920F3E22B860A63009909CE /* Release */,
			);
			defaultConfigurationIsVisible = 0;
			defaultConfigurationName = Release;
		};
/* End XCConfigurationList section */
	};
	rootObject = 7920F3AE2B860A61009909CE /* Project object */;
}
